
Microsoft Visual Studio Solution File, Format Version 12.00
# Visual Studio Version 16
VisualStudioVersion = 16.0.32413.511
MinimumVisualStudioVersion = 10.0.40219.1
Project("{2150E333-8FDC-42A3-9474-1A3956D46DE8}") = "Services", "Services", "{86B5C2D7-DDE9-4BEF-8983-255B0FF305C8}"
EndProject
Project("{2150E333-8FDC-42A3-9474-1A3956D46DE8}") = "Catalog", "Catalog", "{6CDCA322-D53B-48C2-8C64-667B6C72CAFF}"
EndProject
Project("{9A19103F-16F7-4668-BE54-9A1E7A4F7556}") = "Catalog.API", "Services\Catalog\Catalog.API\Catalog.API.csproj", "{2F42982F-C186-4E83-9554-0337EEED52A4}"
EndProject
Project("{E53339B2-1760-4266-BCC7-CA923CBCF16C}") = "docker-compose", "docker-compose.dcproj", "{58933DDA-4489-496E-A1DD-CEB8D68625C8}"
EndProject
Project("{2150E333-8FDC-42A3-9474-1A3956D46DE8}") = "Basket", "Basket", "{EEDD2E5C-73AB-4E36-ADF4-25B6906C85A4}"
EndProject
Project("{9A19103F-16F7-4668-BE54-9A1E7A4F7556}") = "Basket.API", "Services\Basket\Basket.API\Basket.API.csproj", "{1132C683-C404-41FD-98C7-2F9185AEBC81}"
EndProject
Project("{2150E333-8FDC-42A3-9474-1A3956D46DE8}") = "Discount", "Discount", "{4AC3B0C8-1EC4-492D-8682-33E9B692AD43}"
EndProject
Project("{FAE04EC0-301F-11D3-BF4B-00C04F79EFBC}") = "Discount.API", "Services\Discount\Discount.API\Discount.API.csproj", "{A0F6077B-5335-4821-98FD-9313D59E5561}"
EndProject
Global
	GlobalSection(SolutionConfigurationPlatforms) = preSolution
		Debug|Any CPU = Debug|Any CPU
		Release|Any CPU = Release|Any CPU
	EndGlobalSection
	GlobalSection(ProjectConfigurationPlatforms) = postSolution
		{2F42982F-C186-4E83-9554-0337EEED52A4}.Debug|Any CPU.ActiveCfg = Debug|Any CPU
		{2F42982F-C186-4E83-9554-0337EEED52A4}.Debug|Any CPU.Build.0 = Debug|Any CPU
		{2F42982F-C186-4E83-9554-0337EEED52A4}.Release|Any CPU.ActiveCfg = Release|Any CPU
		{2F42982F-C186-4E83-9554-0337EEED52A4}.Release|Any CPU.Build.0 = Release|Any CPU
		{58933DDA-4489-496E-A1DD-CEB8D68625C8}.Debug|Any CPU.ActiveCfg = Debug|Any CPU
		{58933DDA-4489-496E-A1DD-CEB8D68625C8}.Debug|Any CPU.Build.0 = Debug|Any CPU
		{58933DDA-4489-496E-A1DD-CEB8D68625C8}.Release|Any CPU.ActiveCfg = Release|Any CPU
		{58933DDA-4489-496E-A1DD-CEB8D68625C8}.Release|Any CPU.Build.0 = Release|Any CPU
		{1132C683-C404-41FD-98C7-2F9185AEBC81}.Debug|Any CPU.ActiveCfg = Debug|Any CPU
		{1132C683-C404-41FD-98C7-2F9185AEBC81}.Debug|Any CPU.Build.0 = Debug|Any CPU
		{1132C683-C404-41FD-98C7-2F9185AEBC81}.Release|Any CPU.ActiveCfg = Release|Any CPU
		{1132C683-C404-41FD-98C7-2F9185AEBC81}.Release|Any CPU.Build.0 = Release|Any CPU
		{A0F6077B-5335-4821-98FD-9313D59E5561}.Debug|Any CPU.ActiveCfg = Debug|Any CPU
		{A0F6077B-5335-4821-98FD-9313D59E5561}.Debug|Any CPU.Build.0 = Debug|Any CPU
		{A0F6077B-5335-4821-98FD-9313D59E5561}.Release|Any CPU.ActiveCfg = Release|Any CPU
		{A0F6077B-5335-4821-98FD-9313D59E5561}.Release|Any CPU.Build.0 = Release|Any CPU
	EndGlobalSection
	GlobalSection(SolutionProperties) = preSolution
		HideSolutionNode = FALSE
	EndGlobalSection
	GlobalSection(NestedProjects) = preSolution
		{6CDCA322-D53B-48C2-8C64-667B6C72CAFF} = {86B5C2D7-DDE9-4BEF-8983-255B0FF305C8}
		{2F42982F-C186-4E83-9554-0337EEED52A4} = {6CDCA322-D53B-48C2-8C64-667B6C72CAFF}
		{EEDD2E5C-73AB-4E36-ADF4-25B6906C85A4} = {86B5C2D7-DDE9-4BEF-8983-255B0FF305C8}
		{1132C683-C404-41FD-98C7-2F9185AEBC81} = {EEDD2E5C-73AB-4E36-ADF4-25B6906C85A4}
		{4AC3B0C8-1EC4-492D-8682-33E9B692AD43} = {86B5C2D7-DDE9-4BEF-8983-255B0FF305C8}
		{A0F6077B-5335-4821-98FD-9313D59E5561} = {4AC3B0C8-1EC4-492D-8682-33E9B692AD43}
	EndGlobalSection
	GlobalSection(ExtensibilityGlobals) = postSolution
		SolutionGuid = {FA6842F0-0B19-48B7-A520-7F8A73E72836}
	EndGlobalSection
EndGlobal
